
Microsoft Visual Studio Solution File, Format Version 12.00
# Visual Studio 15
VisualStudioVersion = 15.0.28307.1259
MinimumVisualStudioVersion = 10.0.40219.1
Project("{FAE04EC0-301F-11D3-BF4B-00C04F79EFBC}") = "CLCMinesweeperApp", "CLCMinesweeperApp\CLCMinesweeperApp.csproj", "{BD9E1965-497A-43A5-9ACA-ACB2FB787196}"
EndProject
Project("{FAE04EC0-301F-11D3-BF4B-00C04F79EFBC}") = "GameServices", "GameServices\GameServices.csproj", "{B309A7D0-D826-4024-8D12-F9FF84A41BCA}"
EndProject
Global
	GlobalSection(SolutionConfigurationPlatforms) = preSolution
		Debug|Any CPU = Debug|Any CPU
		Release|Any CPU = Release|Any CPU
	EndGlobalSection
	GlobalSection(ProjectConfigurationPlatforms) = postSolution
		{BD9E1965-497A-43A5-9ACA-ACB2FB787196}.Debug|Any CPU.ActiveCfg = Debug|Any CPU
		{BD9E1965-497A-43A5-9ACA-ACB2FB787196}.Debug|Any CPU.Build.0 = Debug|Any CPU
		{BD9E1965-497A-43A5-9ACA-ACB2FB787196}.Release|Any CPU.ActiveCfg = Release|Any CPU
		{BD9E1965-497A-43A5-9ACA-ACB2FB787196}.Release|Any CPU.Build.0 = Release|Any CPU
		{B309A7D0-D826-4024-8D12-F9FF84A41BCA}.Debug|Any CPU.ActiveCfg = Debug|Any CPU
		{B309A7D0-D826-4024-8D12-F9FF84A41BCA}.Debug|Any CPU.Build.0 = Debug|Any CPU
		{B309A7D0-D826-4024-8D12-F9FF84A41BCA}.Release|Any CPU.ActiveCfg = Release|Any CPU
		{B309A7D0-D826-4024-8D12-F9FF84A41BCA}.Release|Any CPU.Build.0 = Release|Any CPU
	EndGlobalSection
	GlobalSection(SolutionProperties) = preSolution
		HideSolutionNode = FALSE
	EndGlobalSection
	GlobalSection(ExtensibilityGlobals) = postSolution
		SolutionGuid = {2E094AEB-4C9C-4E4E-94BD-D2E5268079EA}
	EndGlobalSection
EndGlobal
